
Microsoft Visual Studio Solution File, Format Version 12.00
# Visual Studio 15
VisualStudioVersion = 15.0.26124.0
MinimumVisualStudioVersion = 15.0.26124.0
Project("{9A19103F-16F7-4668-BE54-9A1E7A4F7556}") = "GitExtensions.AzureDevOpsCommitMessage", "src\GitExtensions.AzureDevOpsCommitMessage\GitExtensions.AzureDevOpsCommitMessage.csproj", "{C5137205-996A-41E9-A3EB-F6DB37F6AE21}"
EndProject
Project("{2150E333-8FDC-42A3-9474-1A3956D46DE8}") = "SolutionItems", "SolutionItems", "{D1376319-B232-4550-99C6-8E9244DC42AF}"
	ProjectSection(SolutionItems) = preProject
		.github\workflows\build_plugin.yml = .github\workflows\build_plugin.yml
		.github\workflows\release_plugin.yml = .github\workflows\release_plugin.yml
	EndProjectSection
EndProject
Project("{9A19103F-16F7-4668-BE54-9A1E7A4F7556}") = "GitExtensions.AzureDevOpsCommitMessageTests", "Gitextensions.AzureDevOpsCommitMessageTests\GitExtensions.AzureDevOpsCommitMessageTests.csproj", "{BAA615EE-CB7C-4A14-99D2-632E2D14ECC1}"
EndProject
Global
	GlobalSection(SolutionConfigurationPlatforms) = preSolution
		Debug|Any CPU = Debug|Any CPU
		Debug|x64 = Debug|x64
		Debug|x86 = Debug|x86
		Release|Any CPU = Release|Any CPU
		Release|x64 = Release|x64
		Release|x86 = Release|x86
	EndGlobalSection
	GlobalSection(ProjectConfigurationPlatforms) = postSolution
		{C5137205-996A-41E9-A3EB-F6DB37F6AE21}.Debug|Any CPU.ActiveCfg = Debug|Any CPU
		{C5137205-996A-41E9-A3EB-F6DB37F6AE21}.Debug|Any CPU.Build.0 = Debug|Any CPU
		{C5137205-996A-41E9-A3EB-F6DB37F6AE21}.Debug|x64.ActiveCfg = Debug|Any CPU
		{C5137205-996A-41E9-A3EB-F6DB37F6AE21}.Debug|x64.Build.0 = Debug|Any CPU
		{C5137205-996A-41E9-A3EB-F6DB37F6AE21}.Debug|x86.ActiveCfg = Debug|Any CPU
		{C5137205-996A-41E9-A3EB-F6DB37F6AE21}.Debug|x86.Build.0 = Debug|Any CPU
		{C5137205-996A-41E9-A3EB-F6DB37F6AE21}.Release|Any CPU.ActiveCfg = Release|Any CPU
		{C5137205-996A-41E9-A3EB-F6DB37F6AE21}.Release|Any CPU.Build.0 = Release|Any CPU
		{C5137205-996A-41E9-A3EB-F6DB37F6AE21}.Release|x64.ActiveCfg = Release|Any CPU
		{C5137205-996A-41E9-A3EB-F6DB37F6AE21}.Release|x64.Build.0 = Release|Any CPU
		{C5137205-996A-41E9-A3EB-F6DB37F6AE21}.Release|x86.ActiveCfg = Release|Any CPU
		{C5137205-996A-41E9-A3EB-F6DB37F6AE21}.Release|x86.Build.0 = Release|Any CPU
		{BAA615EE-CB7C-4A14-99D2-632E2D14ECC1}.Debug|Any CPU.ActiveCfg = Debug|Any CPU
		{BAA615EE-CB7C-4A14-99D2-632E2D14ECC1}.Debug|Any CPU.Build.0 = Debug|Any CPU
		{BAA615EE-CB7C-4A14-99D2-632E2D14ECC1}.Debug|x64.ActiveCfg = Debug|Any CPU
		{BAA615EE-CB7C-4A14-99D2-632E2D14ECC1}.Debug|x64.Build.0 = Debug|Any CPU
		{BAA615EE-CB7C-4A14-99D2-632E2D14ECC1}.Debug|x86.ActiveCfg = Debug|Any CPU
		{BAA615EE-CB7C-4A14-99D2-632E2D14ECC1}.Debug|x86.Build.0 = Debug|Any CPU
		{BAA615EE-CB7C-4A14-99D2-632E2D14ECC1}.Release|Any CPU.ActiveCfg = Release|Any CPU
		{BAA615EE-CB7C-4A14-99D2-632E2D14ECC1}.Release|Any CPU.Build.0 = Release|Any CPU
		{BAA615EE-CB7C-4A14-99D2-632E2D14ECC1}.Release|x64.ActiveCfg = Release|Any CPU
		{BAA615EE-CB7C-4A14-99D2-632E2D14ECC1}.Release|x64.Build.0 = Release|Any CPU
		{BAA615EE-CB7C-4A14-99D2-632E2D14ECC1}.Release|x86.ActiveCfg = Release|Any CPU
		{BAA615EE-CB7C-4A14-99D2-632E2D14ECC1}.Release|x86.Build.0 = Release|Any CPU
	EndGlobalSection
	GlobalSection(SolutionProperties) = preSolution
		HideSolutionNode = FALSE
	EndGlobalSection
	GlobalSection(ExtensibilityGlobals) = postSolution
		SolutionGuid = {464E76E6-53B0-4E56-B267-22F7F82476F1}
	EndGlobalSection
EndGlobal
